{
  "name": "keymanapp",
  "lockfileVersion": 3,
  "requires": true,
  "packages": {
    "": {
      "dependencies": {
        "pandoc-filter": "^2.1.0"
      }
    },
    "node_modules/get-stdin": {
      "version": "7.0.0",
      "resolved": "https://registry.npmjs.org/get-stdin/-/get-stdin-7.0.0.tgz",
      "integrity": "sha512-zRKcywvrXlXsA0v0i9Io4KDRaAw7+a1ZpjRwl9Wox8PFlVCCHra7E9c4kqXCoCM9nR5tBkaTTZRBoCm60bFqTQ==",
      "engines": {
        "node": ">=8"
      }
    },
    "node_modules/pandoc-filter": {
      "version": "2.1.0",
      "resolved": "https://registry.npmjs.org/pandoc-filter/-/pandoc-filter-2.1.0.tgz",
      "integrity": "sha512-uE6RSbzR+WsiBZgHa6u4WfvNy3DeUKtLFFJBbq03DFMmlXrtvqyJuIS0jrxM6v1VEJUlaY5lu/Tb6v3hnINWkw==",
      "dependencies": {
        "get-stdin": "~7.0.0"
      },
      "engines": {
        "node": ">=7.6.0"
      }
    }
  }
}
